
Microsoft Visual Studio Solution File, Format Version 10.00
# Visual Studio 2008
Project("{8BC9CEB8-8B4A-11D0-8D11-00A0C91BC942}") = "taste4", "taste4\taste4.vcproj", "{0E109246-60CB-4D26-A735-F680B6F58FA1}"
EndProject
Global
	GlobalSection(SolutionConfigurationPlatforms) = preSolution
		Debug|Win32 = Debug|Win32
		Release|Win32 = Release|Win32
	EndGlobalSection
	GlobalSection(ProjectConfigurationPlatforms) = postSolution
		{0E109246-60CB-4D26-A735-F680B6F58FA1}.Debug|Win32.ActiveCfg = Debug|Win32
		{0E109246-60CB-4D26-A735-F680B6F58FA1}.Debug|Win32.Build.0 = Debug|Win32
		{0E109246-60CB-4D26-A735-F680B6F58FA1}.Release|Win32.ActiveCfg = Release|Win32
		{0E109246-60CB-4D26-A735-F680B6F58FA1}.Release|Win32.Build.0 = Release|Win32
	EndGlobalSection
	GlobalSection(SolutionProperties) = preSolution
		HideSolutionNode = FALSE
	EndGlobalSection
EndGlobal
